
Microsoft Visual Studio Solution File, Format Version 12.00
# Visual Studio Express 2012 for Windows Desktop
Project("{FAE04EC0-301F-11D3-BF4B-00C04F79EFBC}") = "LogAnalyzer", "LogAnalyzer\LogAnalyzer.csproj", "{8004E2AC-A290-4619-89E6-FB12BFB2E975}"
EndProject
Global
	GlobalSection(SolutionConfigurationPlatforms) = preSolution
		Debug|Any CPU = Debug|Any CPU
		Release|Any CPU = Release|Any CPU
	EndGlobalSection
	GlobalSection(ProjectConfigurationPlatforms) = postSolution
		{8004E2AC-A290-4619-89E6-FB12BFB2E975}.Debug|Any CPU.ActiveCfg = Debug|Any CPU
		{8004E2AC-A290-4619-89E6-FB12BFB2E975}.Debug|Any CPU.Build.0 = Debug|Any CPU
		{8004E2AC-A290-4619-89E6-FB12BFB2E975}.Release|Any CPU.ActiveCfg = Release|Any CPU
		{8004E2AC-A290-4619-89E6-FB12BFB2E975}.Release|Any CPU.Build.0 = Release|Any CPU
	EndGlobalSection
	GlobalSection(SolutionProperties) = preSolution
		HideSolutionNode = FALSE
	EndGlobalSection
EndGlobal
